
Microsoft Visual Studio Solution File, Format Version 12.00
# Visual Studio Version 16
VisualStudioVersion = 16.0.31129.286
MinimumVisualStudioVersion = 10.0.40219.1
Project("{FAE04EC0-301F-11D3-BF4B-00C04F79EFBC}") = "time_slot_test", "time_slot_test\time_slot_test.csproj", "{705BCBA4-DA0D-4E43-92B9-F9F9892CB8DE}"
EndProject
Global
	GlobalSection(SolutionConfigurationPlatforms) = preSolution
		Debug|Any CPU = Debug|Any CPU
		Release|Any CPU = Release|Any CPU
	EndGlobalSection
	GlobalSection(ProjectConfigurationPlatforms) = postSolution
		{705BCBA4-DA0D-4E43-92B9-F9F9892CB8DE}.Debug|Any CPU.ActiveCfg = Debug|Any CPU
		{705BCBA4-DA0D-4E43-92B9-F9F9892CB8DE}.Debug|Any CPU.Build.0 = Debug|Any CPU
		{705BCBA4-DA0D-4E43-92B9-F9F9892CB8DE}.Release|Any CPU.ActiveCfg = Release|Any CPU
		{705BCBA4-DA0D-4E43-92B9-F9F9892CB8DE}.Release|Any CPU.Build.0 = Release|Any CPU
	EndGlobalSection
	GlobalSection(SolutionProperties) = preSolution
		HideSolutionNode = FALSE
	EndGlobalSection
	GlobalSection(ExtensibilityGlobals) = postSolution
		SolutionGuid = {C011F106-7E2D-4890-BDEF-56AD2A4EFDC6}
	EndGlobalSection
EndGlobal
